
Microsoft Visual Studio Solution File, Format Version 12.00
# Visual Studio Version 17
VisualStudioVersion = 17.3.32804.467
MinimumVisualStudioVersion = 10.0.40219.1
Project("{8BC9CEB8-8B4A-11D0-8D11-00A0C91BC942}") = "2580_Sudoku", "2580_Sudoku\2580_Sudoku.vcxproj", "{6E80A7A2-6F03-4ABC-8AE8-943F79B2BF69}"
EndProject
Global
	GlobalSection(SolutionConfigurationPlatforms) = preSolution
		Debug|x64 = Debug|x64
		Debug|x86 = Debug|x86
		Release|x64 = Release|x64
		Release|x86 = Release|x86
	EndGlobalSection
	GlobalSection(ProjectConfigurationPlatforms) = postSolution
		{6E80A7A2-6F03-4ABC-8AE8-943F79B2BF69}.Debug|x64.ActiveCfg = Debug|x64
		{6E80A7A2-6F03-4ABC-8AE8-943F79B2BF69}.Debug|x64.Build.0 = Debug|x64
		{6E80A7A2-6F03-4ABC-8AE8-943F79B2BF69}.Debug|x86.ActiveCfg = Debug|Win32
		{6E80A7A2-6F03-4ABC-8AE8-943F79B2BF69}.Debug|x86.Build.0 = Debug|Win32
		{6E80A7A2-6F03-4ABC-8AE8-943F79B2BF69}.Release|x64.ActiveCfg = Release|x64
		{6E80A7A2-6F03-4ABC-8AE8-943F79B2BF69}.Release|x64.Build.0 = Release|x64
		{6E80A7A2-6F03-4ABC-8AE8-943F79B2BF69}.Release|x86.ActiveCfg = Release|Win32
		{6E80A7A2-6F03-4ABC-8AE8-943F79B2BF69}.Release|x86.Build.0 = Release|Win32
	EndGlobalSection
	GlobalSection(SolutionProperties) = preSolution
		HideSolutionNode = FALSE
	EndGlobalSection
	GlobalSection(ExtensibilityGlobals) = postSolution
		SolutionGuid = {740E000C-A753-4558-BEE3-DA01FBD84447}
	EndGlobalSection
EndGlobal
