
Microsoft Visual Studio Solution File, Format Version 12.00
# Visual Studio Version 17
VisualStudioVersion = 17.1.32328.378
MinimumVisualStudioVersion = 10.0.40219.1
Project("{8BC9CEB8-8B4A-11D0-8D11-00A0C91BC942}") = "Stack", "Stack\Stack.vcxproj", "{84E498EF-A705-4689-8EB9-FAF3B914CCF5}"
EndProject
Global
	GlobalSection(SolutionConfigurationPlatforms) = preSolution
		Debug|x64 = Debug|x64
		Debug|x86 = Debug|x86
		Release|x64 = Release|x64
		Release|x86 = Release|x86
	EndGlobalSection
	GlobalSection(ProjectConfigurationPlatforms) = postSolution
		{84E498EF-A705-4689-8EB9-FAF3B914CCF5}.Debug|x64.ActiveCfg = Debug|x64
		{84E498EF-A705-4689-8EB9-FAF3B914CCF5}.Debug|x64.Build.0 = Debug|x64
		{84E498EF-A705-4689-8EB9-FAF3B914CCF5}.Debug|x86.ActiveCfg = Debug|Win32
		{84E498EF-A705-4689-8EB9-FAF3B914CCF5}.Debug|x86.Build.0 = Debug|Win32
		{84E498EF-A705-4689-8EB9-FAF3B914CCF5}.Release|x64.ActiveCfg = Release|x64
		{84E498EF-A705-4689-8EB9-FAF3B914CCF5}.Release|x64.Build.0 = Release|x64
		{84E498EF-A705-4689-8EB9-FAF3B914CCF5}.Release|x86.ActiveCfg = Release|Win32
		{84E498EF-A705-4689-8EB9-FAF3B914CCF5}.Release|x86.Build.0 = Release|Win32
	EndGlobalSection
	GlobalSection(SolutionProperties) = preSolution
		HideSolutionNode = FALSE
	EndGlobalSection
	GlobalSection(ExtensibilityGlobals) = postSolution
		SolutionGuid = {472E8260-E5E4-40B5-9D04-CA2A9B3D15A1}
	EndGlobalSection
EndGlobal
