
Microsoft Visual Studio Solution File, Format Version 12.00
# Visual Studio Version 17
VisualStudioVersion = 17.3.32804.467
MinimumVisualStudioVersion = 10.0.40219.1
Project("{8BC9CEB8-8B4A-11D0-8D11-00A0C91BC942}") = "1931_MeetingRoomAssignment", "1931_MeetingRoomAssignment\1931_MeetingRoomAssignment.vcxproj", "{B8F8F24C-5540-4B9A-A8BB-F47C5398847A}"
EndProject
Global
	GlobalSection(SolutionConfigurationPlatforms) = preSolution
		Debug|x64 = Debug|x64
		Debug|x86 = Debug|x86
		Release|x64 = Release|x64
		Release|x86 = Release|x86
	EndGlobalSection
	GlobalSection(ProjectConfigurationPlatforms) = postSolution
		{B8F8F24C-5540-4B9A-A8BB-F47C5398847A}.Debug|x64.ActiveCfg = Debug|x64
		{B8F8F24C-5540-4B9A-A8BB-F47C5398847A}.Debug|x64.Build.0 = Debug|x64
		{B8F8F24C-5540-4B9A-A8BB-F47C5398847A}.Debug|x86.ActiveCfg = Debug|Win32
		{B8F8F24C-5540-4B9A-A8BB-F47C5398847A}.Debug|x86.Build.0 = Debug|Win32
		{B8F8F24C-5540-4B9A-A8BB-F47C5398847A}.Release|x64.ActiveCfg = Release|x64
		{B8F8F24C-5540-4B9A-A8BB-F47C5398847A}.Release|x64.Build.0 = Release|x64
		{B8F8F24C-5540-4B9A-A8BB-F47C5398847A}.Release|x86.ActiveCfg = Release|Win32
		{B8F8F24C-5540-4B9A-A8BB-F47C5398847A}.Release|x86.Build.0 = Release|Win32
	EndGlobalSection
	GlobalSection(SolutionProperties) = preSolution
		HideSolutionNode = FALSE
	EndGlobalSection
	GlobalSection(ExtensibilityGlobals) = postSolution
		SolutionGuid = {8D035672-C4AE-4654-B4BB-D3A9791E9333}
	EndGlobalSection
EndGlobal
