<?xml version="1.0" encoding="utf-8"?>
<Project ToolsVersion="4.0" xmlns="http://schemas.microsoft.com/developer/msbuild/2003">
  <ItemGroup>
    <Filter Include="소스 파일">
      <UniqueIdentifier>{4FC737F1-C7A5-4376-A066-2A32D752A2FF}</UniqueIdentifier>
      <Extensions>cpp;c;cc;cxx;c++;cppm;ixx;def;odl;idl;hpj;bat;asm;asmx</Extensions>
    </Filter>
    <Filter Include="헤더 파일">
      <UniqueIdentifier>{93995380-89BD-4b04-88EB-625FBE52EBFB}</UniqueIdentifier>
      <Extensions>h;hh;hpp;hxx;h++;hm;inl;inc;ipp;xsd</Extensions>
    </Filter>
    <Filter Include="리소스 파일">
      <UniqueIdentifier>{67DA6AB6-F800-4c08-8B7A-83BB121AAD01}</UniqueIdentifier>
      <Extensions>rc;ico;cur;bmp;dlg;rc2;rct;bin;rgs;gif;jpg;jpeg;jpe;resx;tiff;tif;png;wav;mfcribbon-ms</Extensions>
    </Filter>
  </ItemGroup>
  <ItemGroup>
    <ClCompile Include="18110_solvedac_62131670_homework2022.c">
      <Filter>소스 파일</Filter>
    </ClCompile>
    <ClCompile Include="18110_solvedac.cpp">
      <Filter>소스 파일</Filter>
    </ClCompile>
    <ClCompile Include="27866_character&amp;string.cpp">
      <Filter>소스 파일</Filter>
    </ClCompile>
    <ClCompile Include="10988_CheckPalindrome.cpp">
      <Filter>소스 파일</Filter>
    </ClCompile>
    <ClCompile Include="25206_YourGrade.cpp">
      <Filter>소스 파일</Filter>
    </ClCompile>
    <ClCompile Include="10798_VerticalReading.cpp">
      <Filter>소스 파일</Filter>
    </ClCompile>
    <ClCompile Include="2745_BaseConversion.cpp">
      <Filter>소스 파일</Filter>
    </ClCompile>
    <ClCompile Include="2745_BaseConversion_strtol.c">
      <Filter>소스 파일</Filter>
    </ClCompile>
    <ClCompile Include="11005_BaseConversion.cpp">
      <Filter>소스 파일</Filter>
    </ClCompile>
    <ClCompile Include="11005_BaseConversion_ltoa.cpp">
      <Filter>소스 파일</Filter>
    </ClCompile>
    <ClCompile Include="11659_SectionSum4.cpp">
      <Filter>소스 파일</Filter>
    </ClCompile>
    <ClCompile Include="11659_SectionSum4.c">
      <Filter>소스 파일</Filter>
    </ClCompile>
    <ClCompile Include="2720_LaundryOwnerDonghyuk.c">
      <Filter>소스 파일</Filter>
    </ClCompile>
    <ClCompile Include="2903_CenterMovementAlgorithm.c">
      <Filter>소스 파일</Filter>
    </ClCompile>
    <ClCompile Include="2501_SearchDivisor.c">
      <Filter>소스 파일</Filter>
    </ClCompile>
    <ClCompile Include="27323_Rectangle.c">
      <Filter>소스 파일</Filter>
    </ClCompile>
    <ClCompile Include="9506_DivisorSum.c">
      <Filter>소스 파일</Filter>
    </ClCompile>
    <ClCompile Include="15894_MathIsAthletic.c">
      <Filter>소스 파일</Filter>
    </ClCompile>
    <ClCompile Include="9063_Ground.c">
      <Filter>소스 파일</Filter>
    </ClCompile>
    <ClCompile Include="19532_MathOnlineClass.c">
      <Filter>소스 파일</Filter>
    </ClCompile>
    <ClCompile Include="14940_EasyShortestDistance.cpp">
      <Filter>소스 파일</Filter>
    </ClCompile>
    <ClCompile Include="1043_Lie.cpp">
      <Filter>소스 파일</Filter>
    </ClCompile>
    <ClCompile Include="1629_Multiply.c">
      <Filter>소스 파일</Filter>
    </ClCompile>
    <ClCompile Include="1629_Multiply_2.c">
      <Filter>소스 파일</Filter>
    </ClCompile>
    <ClCompile Include="7785_WhoInCompany.cpp">
      <Filter>소스 파일</Filter>
    </ClCompile>
    <ClCompile Include="1238_Party.cpp">
      <Filter>소스 파일</Filter>
    </ClCompile>
    <ClCompile Include="1916_MinimumCost.cpp">
      <Filter>소스 파일</Filter>
    </ClCompile>
    <ClCompile Include="1753_MinimumDistance.cpp">
      <Filter>소스 파일</Filter>
    </ClCompile>
    <ClCompile Include="12851_Hide&amp;Seek2.cpp">
      <Filter>소스 파일</Filter>
    </ClCompile>
    <ClCompile Include="13549_Hide&amp;Seek3.cpp">
      <Filter>소스 파일</Filter>
    </ClCompile>
    <ClCompile Include="11660_SectionSum5.c">
      <Filter>소스 파일</Filter>
    </ClCompile>
    <ClCompile Include="9465_Sticker.cpp">
      <Filter>소스 파일</Filter>
    </ClCompile>
    <ClCompile Include="12865_NormalBackpack.cpp">
      <Filter>소스 파일</Filter>
    </ClCompile>
    <ClCompile Include="5639_BinarySearchTree.cpp">
      <Filter>소스 파일</Filter>
    </ClCompile>
    <ClCompile Include="9251_LCS.cpp">
      <Filter>소스 파일</Filter>
    </ClCompile>
    <ClCompile Include="5525_IOIOI.cpp">
      <Filter>소스 파일</Filter>
    </ClCompile>
    <ClCompile Include="1107_RemoteController.cpp">
      <Filter>소스 파일</Filter>
    </ClCompile>
    <ClCompile Include="6064_CainCalender.c">
      <Filter>소스 파일</Filter>
    </ClCompile>
    <ClCompile Include="10101_RememberTriangle.c">
      <Filter>소스 파일</Filter>
    </ClCompile>
    <ClCompile Include="17219_FindPassword.cpp">
      <Filter>소스 파일</Filter>
    </ClCompile>
    <ClCompile Include="11404_Floyd.cpp">
      <Filter>소스 파일</Filter>
    </ClCompile>
    <ClCompile Include="15654_N&amp;M_5.cpp">
      <Filter>소스 파일</Filter>
    </ClCompile>
    <ClCompile Include="9019_DSLR.cpp">
      <Filter>소스 파일</Filter>
    </ClCompile>
    <ClCompile Include="14500_Tetromino.cpp">
      <Filter>소스 파일</Filter>
    </ClCompile>
    <ClCompile Include="17626_FourSquares.c">
      <Filter>소스 파일</Filter>
    </ClCompile>
    <ClCompile Include="11727_2xnTiling_2.c">
      <Filter>소스 파일</Filter>
    </ClCompile>
    <ClCompile Include="21736_HunnagiNeedsFriend.cpp">
      <Filter>소스 파일</Filter>
    </ClCompile>
    <ClCompile Include="11403_FindPath.cpp">
      <Filter>소스 파일</Filter>
    </ClCompile>
    <ClCompile Include="20529_DistanceBetweenThreeClosestPeople .cpp">
      <Filter>소스 파일</Filter>
    </ClCompile>
    <ClCompile Include="5073_TriangleAndThreeSides.c">
      <Filter>소스 파일</Filter>
    </ClCompile>
    <ClCompile Include="15663_N&amp;M_9.cpp">
      <Filter>소스 파일</Filter>
    </ClCompile>
    <ClCompile Include="15657_N&amp;M_8.cpp">
      <Filter>소스 파일</Filter>
    </ClCompile>
    <ClCompile Include="15666_N&amp;M_12.cpp">
      <Filter>소스 파일</Filter>
    </ClCompile>
    <ClCompile Include="15657_N&amp;M_8_2.cpp">
      <Filter>소스 파일</Filter>
    </ClCompile>
    <ClCompile Include="16953_AB.cpp">
      <Filter>소스 파일</Filter>
    </ClCompile>
    <ClCompile Include="14215_ThreeSticks.c">
      <Filter>소스 파일</Filter>
    </ClCompile>
    <ClCompile Include="13241_LCM.c">
      <Filter>소스 파일</Filter>
    </ClCompile>
    <ClCompile Include="1735_FractionSum.c">
      <Filter>소스 파일</Filter>
    </ClCompile>
    <ClCompile Include="1292_EasyProblem.c">
      <Filter>소스 파일</Filter>
    </ClCompile>
    <ClCompile Include="2504_ValueOfBracket.cpp">
      <Filter>소스 파일</Filter>
    </ClCompile>
    <ClCompile Include="14719_Raindrop.cpp">
      <Filter>소스 파일</Filter>
    </ClCompile>
    <ClCompile Include="2485_StreetTree.c">
      <Filter>소스 파일</Filter>
    </ClCompile>
    <ClCompile Include="28278_Stack2.cpp">
      <Filter>소스 파일</Filter>
    </ClCompile>
    <ClCompile Include="12789_DokiDokiSnack.cpp">
      <Filter>소스 파일</Filter>
    </ClCompile>
    <ClCompile Include="28279_Deque2.cpp">
      <Filter>소스 파일</Filter>
    </ClCompile>
    <ClCompile Include="2346_PopBalloon.cpp">
      <Filter>소스 파일</Filter>
    </ClCompile>
    <ClCompile Include="24511_QueueStack.cpp">
      <Filter>소스 파일</Filter>
    </ClCompile>
    <ClCompile Include="1967_DiameterOfTree.cpp">
      <Filter>소스 파일</Filter>
    </ClCompile>
    <ClCompile Include="1167_DiameterOfTree.cpp">
      <Filter>소스 파일</Filter>
    </ClCompile>
    <ClCompile Include="25192_HiGomGom.cpp">
      <Filter>소스 파일</Filter>
    </ClCompile>
    <ClCompile Include="26069_FriendlyChongChong.cpp">
      <Filter>소스 파일</Filter>
    </ClCompile>
    <ClCompile Include="20920_MemorizeEnglishWord.cpp">
      <Filter>소스 파일</Filter>
    </ClCompile>
    <ClCompile Include="4134_NextPrime.cpp">
      <Filter>소스 파일</Filter>
    </ClCompile>
    <ClCompile Include="27433_Factorial2.c">
      <Filter>소스 파일</Filter>
    </ClCompile>
    <ClCompile Include="17103_GoldbachPartition.c">
      <Filter>소스 파일</Filter>
    </ClCompile>
    <ClCompile Include="1064_Parallelogram.c">
      <Filter>소스 파일</Filter>
    </ClCompile>
    <ClCompile Include="1064_Parallelogram.cpp">
      <Filter>소스 파일</Filter>
    </ClCompile>
    <ClCompile Include="1069_ToHome.cpp">
      <Filter>소스 파일</Filter>
    </ClCompile>
    <ClCompile Include="1041_Dice.cpp">
      <Filter>소스 파일</Filter>
    </ClCompile>
    <ClCompile Include="1083_Sort.cpp">
      <Filter>소스 파일</Filter>
    </ClCompile>
    <ClCompile Include="13909_CloseWindow.c">
      <Filter>소스 파일</Filter>
    </ClCompile>
    <ClCompile Include="4779_CantorSet.cpp">
      <Filter>소스 파일</Filter>
    </ClCompile>
    <ClCompile Include="24313_BigO.c">
      <Filter>소스 파일</Filter>
    </ClCompile>
    <ClCompile Include="11054_LongestBitonicSubsequence.c">
      <Filter>소스 파일</Filter>
    </ClCompile>
    <ClCompile Include="2565_ElectricWire.cpp">
      <Filter>소스 파일</Filter>
    </ClCompile>
    <ClCompile Include="2559_Sequence.c">
      <Filter>소스 파일</Filter>
    </ClCompile>
    <ClCompile Include="1417_GeneralElection.cpp">
      <Filter>소스 파일</Filter>
    </ClCompile>
    <ClCompile Include="10994_Star19.cpp">
      <Filter>소스 파일</Filter>
    </ClCompile>
    <ClCompile Include="23253_BestDataStructure.cpp">
      <Filter>소스 파일</Filter>
    </ClCompile>
    <ClCompile Include="13335_Truck.cpp">
      <Filter>소스 파일</Filter>
    </ClCompile>
    <ClCompile Include="1384_Message.cpp">
      <Filter>소스 파일</Filter>
    </ClCompile>
    <ClCompile Include="4335_GuessNumber.cpp">
      <Filter>소스 파일</Filter>
    </ClCompile>
    <ClCompile Include="25966_LikeArray.c">
      <Filter>소스 파일</Filter>
    </ClCompile>
    <ClCompile Include="10656_Crossword.cpp">
      <Filter>소스 파일</Filter>
    </ClCompile>
    <ClCompile Include="13567_Robot.cpp">
      <Filter>소스 파일</Filter>
    </ClCompile>
    <ClCompile Include="9372_Sanggun%27sTrip.cpp">
      <Filter>소스 파일</Filter>
    </ClCompile>
    <ClCompile Include="10451_PermutationCycles.cpp">
      <Filter>소스 파일</Filter>
    </ClCompile>
    <ClCompile Include="2206_BreakWallAndMove.cpp">
      <Filter>소스 파일</Filter>
    </ClCompile>
    <ClCompile Include="1865_Wormhole.cpp">
      <Filter>소스 파일</Filter>
    </ClCompile>
    <ClCompile Include="11657_Timemachine.cpp">
      <Filter>소스 파일</Filter>
    </ClCompile>
    <ClCompile Include="9655_StoneGame.cpp">
      <Filter>소스 파일</Filter>
    </ClCompile>
    <ClCompile Include="9655_StoneGame_Simple.cpp">
      <Filter>소스 파일</Filter>
    </ClCompile>
    <ClCompile Include="16139_Human-ComputerInteraction.cpp">
      <Filter>소스 파일</Filter>
    </ClCompile>
    <ClCompile Include="11444_FibonacciNumbers6.cpp">
      <Filter>소스 파일</Filter>
    </ClCompile>
    <ClCompile Include="1918_PostfixNotation.cpp">
      <Filter>소스 파일</Filter>
    </ClCompile>
    <ClCompile Include="2096_GoDown.cpp">
      <Filter>소스 파일</Filter>
    </ClCompile>
    <ClCompile Include="15686_ChickenDelivery.cpp">
      <Filter>소스 파일</Filter>
    </ClCompile>
    <ClCompile Include="1504_SpecificShortestPath.cpp">
      <Filter>소스 파일</Filter>
    </ClCompile>
    <ClCompile Include="1987_Alphabet.cpp">
      <Filter>소스 파일</Filter>
    </ClCompile>
    <ClCompile Include="11779_MinimumCost2.cpp">
      <Filter>소스 파일</Filter>
    </ClCompile>
    <ClCompile Include="5582_CommonSubstring.cpp">
      <Filter>소스 파일</Filter>
    </ClCompile>
    <ClCompile Include="17070_MovePipe1.cpp">
      <Filter>소스 파일</Filter>
    </ClCompile>
    <ClCompile Include="17070_MovePipe1_dp.cpp">
      <Filter>소스 파일</Filter>
    </ClCompile>
    <ClCompile Include="17144_FineDust.cpp">
      <Filter>소스 파일</Filter>
    </ClCompile>
    <ClCompile Include="14938_SogangGround.cpp">
      <Filter>소스 파일</Filter>
    </ClCompile>
    <ClCompile Include="31263_TheLongestPowerProtectKorea.cpp">
      <Filter>소스 파일</Filter>
    </ClCompile>
    <ClCompile Include="9625_BABBA.c">
      <Filter>소스 파일</Filter>
    </ClCompile>
    <ClCompile Include="2639_Cheese.cpp">
      <Filter>소스 파일</Filter>
    </ClCompile>
    <ClCompile Include="9656_StoneGame2_Simple.cpp">
      <Filter>소스 파일</Filter>
    </ClCompile>
    <ClCompile Include="9656_StoneGame2.cpp">
      <Filter>소스 파일</Filter>
    </ClCompile>
    <ClCompile Include="14502_Laboratory.cpp">
      <Filter>소스 파일</Filter>
    </ClCompile>
    <ClCompile Include="1655_SayMiddle.cpp">
      <Filter>소스 파일</Filter>
    </ClCompile>
    <ClCompile Include="16236_BabyShark.cpp">
      <Filter>소스 파일</Filter>
    </ClCompile>
    <ClCompile Include="14501_Retire.cpp">
      <Filter>소스 파일</Filter>
    </ClCompile>
    <ClCompile Include="2193_PinaryNumber.cpp">
      <Filter>소스 파일</Filter>
    </ClCompile>
    <ClCompile Include="11052_BuyCard.cpp">
      <Filter>소스 파일</Filter>
    </ClCompile>
    <ClCompile Include="13172_Sum.cpp">
      <Filter>소스 파일</Filter>
    </ClCompile>
    <ClCompile Include="2293_Coin1.cpp">
      <Filter>소스 파일</Filter>
    </ClCompile>
    <ClCompile Include="11055_BiggestIncreasingSubsequencs.cpp">
      <Filter>소스 파일</Filter>
    </ClCompile>
    <ClCompile Include="10830_MatrixSquare.cpp">
      <Filter>소스 파일</Filter>
    </ClCompile>
    <ClCompile Include="2217_Rope.cpp">
      <Filter>소스 파일</Filter>
    </ClCompile>
    <ClCompile Include="2166_AreaOfPolygon.cpp">
      <Filter>소스 파일</Filter>
    </ClCompile>
    <ClCompile Include="1789_NumbersSum.cpp">
      <Filter>소스 파일</Filter>
    </ClCompile>
    <ClCompile Include="10162_Microwave.cpp">
      <Filter>소스 파일</Filter>
    </ClCompile>
    <ClCompile Include="1715_SortCard.cpp">
      <Filter>소스 파일</Filter>
    </ClCompile>
    <ClCompile Include="1946_NewRecruits.cpp">
      <Filter>소스 파일</Filter>
    </ClCompile>
    <ClCompile Include="1449_RepairmanHangseung.cpp">
      <Filter>소스 파일</Filter>
    </ClCompile>
    <ClCompile Include="2847_RAZINE.cpp">
      <Filter>소스 파일</Filter>
    </ClCompile>
    <ClCompile Include="11758_CCW.cpp">
      <Filter>소스 파일</Filter>
    </ClCompile>
    <ClCompile Include="15903_CardSumGame.cpp">
      <Filter>소스 파일</Filter>
    </ClCompile>
    <ClCompile Include="11501_Stock .cpp">
      <Filter>소스 파일</Filter>
    </ClCompile>
    <ClCompile Include="16931_Surface .cpp">
      <Filter>소스 파일</Filter>
    </ClCompile>
    <ClCompile Include="1198_CutTriangle.cpp">
      <Filter>소스 파일</Filter>
    </ClCompile>
    <ClCompile Include="1783_SickKnight.cpp">
      <Filter>소스 파일</Filter>
    </ClCompile>
    <ClCompile Include="18310_Antenna.cpp">
      <Filter>소스 파일</Filter>
    </ClCompile>
    <ClCompile Include="11497_LogJumping.cpp">
      <Filter>소스 파일</Filter>
    </ClCompile>
    <ClCompile Include="15803_PLAYERJINAH’S_BOTTLEGROUNDS.cpp">
      <Filter>소스 파일</Filter>
    </ClCompile>
    <ClCompile Include="1027_Skyscraper.cpp">
      <Filter>소스 파일</Filter>
    </ClCompile>
    <ClCompile Include="17386_LineIntersection1.cpp">
      <Filter>소스 파일</Filter>
    </ClCompile>
    <ClCompile Include="17387_LineIntersection2.cpp">
      <Filter>소스 파일</Filter>
    </ClCompile>
    <ClCompile Include="10216_CountCircleGroups.cpp">
      <Filter>소스 파일</Filter>
    </ClCompile>
    <ClCompile Include="2022_CrossedLadders.cpp">
      <Filter>소스 파일</Filter>
    </ClCompile>
    <ClCompile Include="20149_LineIntersection3.cpp">
      <Filter>소스 파일</Filter>
    </ClCompile>
    <ClCompile Include="3108_LOGO.cpp">
      <Filter>소스 파일</Filter>
    </ClCompile>
    <ClCompile Include="12781_PIZZA_ALVOLOC.cpp">
      <Filter>소스 파일</Filter>
    </ClCompile>
    <ClCompile Include="7869_CircularArea.cpp">
      <Filter>소스 파일</Filter>
    </ClCompile>
    <ClCompile Include="17247_ManhattanDistance.cpp">
      <Filter>소스 파일</Filter>
    </ClCompile>
    <ClCompile Include="17371_MovingHome.cpp">
      <Filter>소스 파일</Filter>
    </ClCompile>
    <ClCompile Include="15687_RectangleClass.cpp">
      <Filter>소스 파일</Filter>
    </ClCompile>
    <ClCompile Include="2467_Solution.cpp">
      <Filter>소스 파일</Filter>
    </ClCompile>
    <ClCompile Include="27172_DivideNumbersGame.cpp">
      <Filter>소스 파일</Filter>
    </ClCompile>
    <ClCompile Include="2239_Sudoku.cpp">
      <Filter>소스 파일</Filter>
    </ClCompile>
    <ClCompile Include="9252_LCS2.cpp">
      <Filter>소스 파일</Filter>
    </ClCompile>
    <ClCompile Include="10942_Palindrome.cpp">
      <Filter>소스 파일</Filter>
    </ClCompile>
    <ClCompile Include="2473_ThreeSolutions.cpp">
      <Filter>소스 파일</Filter>
    </ClCompile>
    <ClCompile Include="10986_RemainderSum.cpp">
      <Filter>소스 파일</Filter>
    </ClCompile>
    <ClCompile Include="25682_RepaintChessboard2.cpp">
      <Filter>소스 파일</Filter>
    </ClCompile>
    <ClCompile Include="2740_MatrixMultiplication.cpp">
      <Filter>소스 파일</Filter>
    </ClCompile>
    <ClCompile Include="1992_QuadTree.cpp">
      <Filter>소스 파일</Filter>
    </ClCompile>
    <ClCompile Include="1780_NumberOfPaper.cpp">
      <Filter>소스 파일</Filter>
    </ClCompile>
    <ClCompile Include="11401_BinomialCoefficient3.cpp">
      <Filter>소스 파일</Filter>
    </ClCompile>
    <ClCompile Include="11049_MatrixMultiplicationOrder.cpp">
      <Filter>소스 파일</Filter>
    </ClCompile>
    <ClCompile Include="30802_WelcomeKit.cpp">
      <Filter>소스 파일</Filter>
    </ClCompile>
    <ClCompile Include="30804_FruitTanghulu.cpp">
      <Filter>소스 파일</Filter>
    </ClCompile>
    <ClCompile Include="7453_4ValuesSumIs0.cpp">
      <Filter>소스 파일</Filter>
    </ClCompile>
    <ClCompile Include="12015_LongestIncreasingSubsequence2.cpp">
      <Filter>소스 파일</Filter>
    </ClCompile>
    <ClCompile Include="12738_LongestIncreasingSubsequence3.cpp">
      <Filter>소스 파일</Filter>
    </ClCompile>
    <ClCompile Include="14002_LongestIncreasingSubsequence4.cpp">
      <Filter>소스 파일</Filter>
    </ClCompile>
    <ClCompile Include="11722_LongestDecreasingSubsequence.cpp">
      <Filter>소스 파일</Filter>
    </ClCompile>
    <ClCompile Include="9466_TermProject.cpp">
      <Filter>소스 파일</Filter>
    </ClCompile>
    <ClCompile Include="17404_RGBStreet2.cpp">
      <Filter>소스 파일</Filter>
    </ClCompile>
    <ClCompile Include="15681_Tree&amp;Query.cpp">
      <Filter>소스 파일</Filter>
    </ClCompile>
    <ClCompile Include="2143_SumTwoArrays.cpp">
      <Filter>소스 파일</Filter>
    </ClCompile>
    <ClCompile Include="1300_KthNumber.cpp">
      <Filter>소스 파일</Filter>
    </ClCompile>
    <ClCompile Include="7579_App.cpp">
      <Filter>소스 파일</Filter>
    </ClCompile>
    <ClCompile Include="12100_2048(Easy).cpp">
      <Filter>소스 파일</Filter>
    </ClCompile>
    <ClCompile Include="20040_CycleGame.cpp">
      <Filter>소스 파일</Filter>
    </ClCompile>
    <ClCompile Include="17299_NGF.cpp">
      <Filter>소스 파일</Filter>
    </ClCompile>
    <ClCompile Include="11066_MergingFiles.cpp">
      <Filter>소스 파일</Filter>
    </ClCompile>
    <ClCompile Include="3273_SumX.cpp">
      <Filter>소스 파일</Filter>
    </ClCompile>
    <ClCompile Include="2470_TwoSolutions.cpp">
      <Filter>소스 파일</Filter>
    </ClCompile>
    <ClCompile Include="9370_DestinationUnknown.cpp">
      <Filter>소스 파일</Filter>
    </ClCompile>
    <ClCompile Include="1644_SumOfConsecutivePrimeNumbers.cpp">
      <Filter>소스 파일</Filter>
    </ClCompile>
    <ClCompile Include="12852_MakeOne2.cpp">
      <Filter>소스 파일</Filter>
    </ClCompile>
    <ClCompile Include="1956_Exercise.cpp">
      <Filter>소스 파일</Filter>
    </ClCompile>
    <ClCompile Include="1520_Downhill.cpp">
      <Filter>소스 파일</Filter>
    </ClCompile>
    <ClCompile Include="13913_Hide&amp;Seek4.cpp">
      <Filter>소스 파일</Filter>
    </ClCompile>
    <ClCompile Include="1717_ExpressionOfSet.cpp">
      <Filter>소스 파일</Filter>
    </ClCompile>
    <ClCompile Include="1976_GoTrip.cpp">
      <Filter>소스 파일</Filter>
    </ClCompile>
    <ClCompile Include="11780_Floyd2.cpp">
      <Filter>소스 파일</Filter>
    </ClCompile>
    <ClCompile Include="2629_DoubleArmScale.cpp">
      <Filter>소스 파일</Filter>
    </ClCompile>
    <ClCompile Include="6549_LargestRectangleInaHistogram.cpp">
      <Filter>소스 파일</Filter>
    </ClCompile>
    <ClCompile Include="4195_VirtualFriends.cpp">
      <Filter>소스 파일</Filter>
    </ClCompile>
    <ClCompile Include="1924_2007.cpp">
      <Filter>소스 파일</Filter>
    </ClCompile>
    <ClCompile Include="programmers_bestalbum.cpp">
      <Filter>소스 파일</Filter>
    </ClCompile>
    <ClCompile Include="programmers_NoSameNumber.cpp">
      <Filter>소스 파일</Filter>
    </ClCompile>
    <ClCompile Include="2167_SumTwoDimensionalArray.cpp">
      <Filter>소스 파일</Filter>
    </ClCompile>
    <ClCompile Include="programmers_FunctionDevelopment.cpp">
      <Filter>소스 파일</Filter>
    </ClCompile>
    <ClCompile Include="1244_SwitchOnOff.cpp">
      <Filter>소스 파일</Filter>
    </ClCompile>
    <ClCompile Include="programmers_RightBracket.cpp">
      <Filter>소스 파일</Filter>
    </ClCompile>
    <ClCompile Include="1748_broj.cpp">
      <Filter>소스 파일</Filter>
    </ClCompile>
    <ClCompile Include="3085_BOMBONI.cpp">
      <Filter>소스 파일</Filter>
    </ClCompile>
    <ClCompile Include="programmers_Process.cpp">
      <Filter>소스 파일</Filter>
    </ClCompile>
    <ClCompile Include="1051_NumberSquare.cpp">
      <Filter>소스 파일</Filter>
    </ClCompile>
    <ClCompile Include="programmers_TruckCrossingBridge.cpp">
      <Filter>소스 파일</Filter>
    </ClCompile>
    <ClCompile Include="programmers_StockPrice.cpp">
      <Filter>소스 파일</Filter>
    </ClCompile>
    <ClCompile Include="8979_Olympic.cpp">
      <Filter>소스 파일</Filter>
    </ClCompile>
    <ClCompile Include="programmers_Scoville.cpp">
      <Filter>소스 파일</Filter>
    </ClCompile>
    <ClCompile Include="1012_OrganicCabbage_DFS%28stack%29.cpp">
      <Filter>소스 파일</Filter>
    </ClCompile>
    <ClCompile Include="1012_OrganicCabbage_DFS(recursion).cpp">
      <Filter>소스 파일</Filter>
    </ClCompile>
    <ClCompile Include="1012_OrganicCabbage_BFS.cpp">
      <Filter>소스 파일</Filter>
    </ClCompile>
    <ClCompile Include="programmers_KthNumber.cpp">
      <Filter>소스 파일</Filter>
    </ClCompile>
    <ClCompile Include="2468_SafeArea.cpp">
      <Filter>소스 파일</Filter>
    </ClCompile>
  </ItemGroup>
</Project>