<?xml version="1.0" encoding="utf-8"?>
<Project ToolsVersion="4.0" xmlns="http://schemas.microsoft.com/developer/msbuild/2003">
  <ItemGroup>
    <Filter Include="소스 파일">
      <UniqueIdentifier>{4FC737F1-C7A5-4376-A066-2A32D752A2FF}</UniqueIdentifier>
      <Extensions>cpp;c;cc;cxx;c++;cppm;ixx;def;odl;idl;hpj;bat;asm;asmx</Extensions>
    </Filter>
    <Filter Include="헤더 파일">
      <UniqueIdentifier>{93995380-89BD-4b04-88EB-625FBE52EBFB}</UniqueIdentifier>
      <Extensions>h;hh;hpp;hxx;h++;hm;inl;inc;ipp;xsd</Extensions>
    </Filter>
    <Filter Include="리소스 파일">
      <UniqueIdentifier>{67DA6AB6-F800-4c08-8B7A-83BB121AAD01}</UniqueIdentifier>
      <Extensions>rc;ico;cur;bmp;dlg;rc2;rct;bin;rgs;gif;jpg;jpeg;jpe;resx;tiff;tif;png;wav;mfcribbon-ms</Extensions>
    </Filter>
  </ItemGroup>
  <ItemGroup>
    <ClCompile Include="18110_solvedac_62131670_homework2022.c">
      <Filter>소스 파일</Filter>
    </ClCompile>
    <ClCompile Include="18110_solvedac.cpp">
      <Filter>소스 파일</Filter>
    </ClCompile>
    <ClCompile Include="27866_character&amp;string.cpp">
      <Filter>소스 파일</Filter>
    </ClCompile>
    <ClCompile Include="10988_CheckPalindrome.cpp">
      <Filter>소스 파일</Filter>
    </ClCompile>
    <ClCompile Include="25206_YourGrade.cpp">
      <Filter>소스 파일</Filter>
    </ClCompile>
    <ClCompile Include="10798_VerticalReading.cpp">
      <Filter>소스 파일</Filter>
    </ClCompile>
    <ClCompile Include="2745_BaseConversion.cpp">
      <Filter>소스 파일</Filter>
    </ClCompile>
    <ClCompile Include="2745_BaseConversion_strtol.c">
      <Filter>소스 파일</Filter>
    </ClCompile>
    <ClCompile Include="11005_BaseConversion.cpp">
      <Filter>소스 파일</Filter>
    </ClCompile>
    <ClCompile Include="11005_BaseConversion_ltoa.cpp">
      <Filter>소스 파일</Filter>
    </ClCompile>
    <ClCompile Include="11659_SectionSum4.cpp">
      <Filter>소스 파일</Filter>
    </ClCompile>
    <ClCompile Include="11659_SectionSum4.c">
      <Filter>소스 파일</Filter>
    </ClCompile>
    <ClCompile Include="2720_LaundryOwnerDonghyuk.c">
      <Filter>소스 파일</Filter>
    </ClCompile>
    <ClCompile Include="2903_CenterMovementAlgorithm.c">
      <Filter>소스 파일</Filter>
    </ClCompile>
    <ClCompile Include="2501_SearchDivisor.c">
      <Filter>소스 파일</Filter>
    </ClCompile>
    <ClCompile Include="27323_Rectangle.c">
      <Filter>소스 파일</Filter>
    </ClCompile>
    <ClCompile Include="9506_DivisorSum.c">
      <Filter>소스 파일</Filter>
    </ClCompile>
    <ClCompile Include="15894_MathIsAthletic.c">
      <Filter>소스 파일</Filter>
    </ClCompile>
    <ClCompile Include="9063_Ground.c">
      <Filter>소스 파일</Filter>
    </ClCompile>
    <ClCompile Include="19532_MathOnlineClass.c">
      <Filter>소스 파일</Filter>
    </ClCompile>
    <ClCompile Include="14940_EasyShortestDistance.cpp">
      <Filter>소스 파일</Filter>
    </ClCompile>
    <ClCompile Include="1043_Lie.cpp">
      <Filter>소스 파일</Filter>
    </ClCompile>
    <ClCompile Include="1629_Multiply.c">
      <Filter>소스 파일</Filter>
    </ClCompile>
    <ClCompile Include="1629_Multiply_2.c">
      <Filter>소스 파일</Filter>
    </ClCompile>
    <ClCompile Include="7785_WhoInCompany.cpp">
      <Filter>소스 파일</Filter>
    </ClCompile>
    <ClCompile Include="1238_Party.cpp">
      <Filter>소스 파일</Filter>
    </ClCompile>
    <ClCompile Include="1916_MinimumCost.cpp">
      <Filter>소스 파일</Filter>
    </ClCompile>
    <ClCompile Include="1753_MinimumDistance.cpp">
      <Filter>소스 파일</Filter>
    </ClCompile>
    <ClCompile Include="12851_Hide&amp;Seek2.cpp">
      <Filter>소스 파일</Filter>
    </ClCompile>
    <ClCompile Include="13549_Hide&amp;Seek3.cpp">
      <Filter>소스 파일</Filter>
    </ClCompile>
    <ClCompile Include="11660_SectionSum5.c">
      <Filter>소스 파일</Filter>
    </ClCompile>
    <ClCompile Include="9465_Sticker.cpp">
      <Filter>소스 파일</Filter>
    </ClCompile>
    <ClCompile Include="12865_NormalBackpack.cpp">
      <Filter>소스 파일</Filter>
    </ClCompile>
    <ClCompile Include="5639_BinarySearchTree.cpp">
      <Filter>소스 파일</Filter>
    </ClCompile>
    <ClCompile Include="9251_LCS.cpp">
      <Filter>소스 파일</Filter>
    </ClCompile>
    <ClCompile Include="5525_IOIOI.cpp">
      <Filter>소스 파일</Filter>
    </ClCompile>
    <ClCompile Include="1107_RemoteController.cpp">
      <Filter>소스 파일</Filter>
    </ClCompile>
    <ClCompile Include="6064_CainCalender.c">
      <Filter>소스 파일</Filter>
    </ClCompile>
    <ClCompile Include="10101_RememberTriangle.c">
      <Filter>소스 파일</Filter>
    </ClCompile>
    <ClCompile Include="17219_FindPassword.cpp">
      <Filter>소스 파일</Filter>
    </ClCompile>
    <ClCompile Include="11404_Floyd.cpp">
      <Filter>소스 파일</Filter>
    </ClCompile>
    <ClCompile Include="15654_N&amp;M_5.cpp">
      <Filter>소스 파일</Filter>
    </ClCompile>
    <ClCompile Include="9019_DSLR.cpp">
      <Filter>소스 파일</Filter>
    </ClCompile>
    <ClCompile Include="14500_Tetromino.cpp">
      <Filter>소스 파일</Filter>
    </ClCompile>
    <ClCompile Include="17626_FourSquares.c">
      <Filter>소스 파일</Filter>
    </ClCompile>
    <ClCompile Include="11727_2xnTiling_2.c">
      <Filter>소스 파일</Filter>
    </ClCompile>
    <ClCompile Include="21736_HunnagiNeedsFriend.cpp">
      <Filter>소스 파일</Filter>
    </ClCompile>
    <ClCompile Include="11403_FindPath.cpp">
      <Filter>소스 파일</Filter>
    </ClCompile>
    <ClCompile Include="20529_DistanceBetweenThreeClosestPeople .cpp">
      <Filter>소스 파일</Filter>
    </ClCompile>
    <ClCompile Include="5073_TriangleAndThreeSides.c">
      <Filter>소스 파일</Filter>
    </ClCompile>
    <ClCompile Include="15663_N&amp;M_9.cpp">
      <Filter>소스 파일</Filter>
    </ClCompile>
    <ClCompile Include="15657_N&amp;M_8.cpp">
      <Filter>소스 파일</Filter>
    </ClCompile>
    <ClCompile Include="15666_N&amp;M_12.cpp">
      <Filter>소스 파일</Filter>
    </ClCompile>
    <ClCompile Include="15657_N&amp;M_8_2.cpp">
      <Filter>소스 파일</Filter>
    </ClCompile>
    <ClCompile Include="16953_AB.cpp">
      <Filter>소스 파일</Filter>
    </ClCompile>
  </ItemGroup>
</Project>