<?xml version="1.0" encoding="utf-8"?>
<Project ToolsVersion="4.0" xmlns="http://schemas.microsoft.com/developer/msbuild/2003">
  <ItemGroup>
    <Filter Include="소스 파일">
      <UniqueIdentifier>{4FC737F1-C7A5-4376-A066-2A32D752A2FF}</UniqueIdentifier>
      <Extensions>cpp;c;cc;cxx;c++;cppm;ixx;def;odl;idl;hpj;bat;asm;asmx</Extensions>
    </Filter>
    <Filter Include="헤더 파일">
      <UniqueIdentifier>{93995380-89BD-4b04-88EB-625FBE52EBFB}</UniqueIdentifier>
      <Extensions>h;hh;hpp;hxx;h++;hm;inl;inc;ipp;xsd</Extensions>
    </Filter>
    <Filter Include="리소스 파일">
      <UniqueIdentifier>{67DA6AB6-F800-4c08-8B7A-83BB121AAD01}</UniqueIdentifier>
      <Extensions>rc;ico;cur;bmp;dlg;rc2;rct;bin;rgs;gif;jpg;jpeg;jpe;resx;tiff;tif;png;wav;mfcribbon-ms</Extensions>
    </Filter>
  </ItemGroup>
  <ItemGroup>
    <ClCompile Include="18110_solvedac_62131670_homework2022.c">
      <Filter>소스 파일</Filter>
    </ClCompile>
    <ClCompile Include="18110_solvedac.cpp">
      <Filter>소스 파일</Filter>
    </ClCompile>
    <ClCompile Include="27866_character&amp;string.cpp">
      <Filter>소스 파일</Filter>
    </ClCompile>
    <ClCompile Include="10988_CheckPalindrome.cpp">
      <Filter>소스 파일</Filter>
    </ClCompile>
    <ClCompile Include="25206_YourGrade.cpp">
      <Filter>소스 파일</Filter>
    </ClCompile>
    <ClCompile Include="10798_VerticalReading.cpp">
      <Filter>소스 파일</Filter>
    </ClCompile>
    <ClCompile Include="2745_BaseConversion.cpp">
      <Filter>소스 파일</Filter>
    </ClCompile>
    <ClCompile Include="2745_BaseConversion_strtol.c">
      <Filter>소스 파일</Filter>
    </ClCompile>
    <ClCompile Include="11005_BaseConversion.cpp">
      <Filter>소스 파일</Filter>
    </ClCompile>
    <ClCompile Include="11005_BaseConversion_ltoa.cpp">
      <Filter>소스 파일</Filter>
    </ClCompile>
    <ClCompile Include="11659_SectionSum4.cpp">
      <Filter>소스 파일</Filter>
    </ClCompile>
    <ClCompile Include="11659_SectionSum4.c">
      <Filter>소스 파일</Filter>
    </ClCompile>
    <ClCompile Include="2720_LaundryOwnerDonghyuk.c">
      <Filter>소스 파일</Filter>
    </ClCompile>
    <ClCompile Include="2903_CenterMovementAlgorithm.c">
      <Filter>소스 파일</Filter>
    </ClCompile>
    <ClCompile Include="2501_SearchDivisor.c">
      <Filter>소스 파일</Filter>
    </ClCompile>
  </ItemGroup>
</Project>