
Microsoft Visual Studio Solution File, Format Version 12.00
# Visual Studio Version 17
VisualStudioVersion = 17.1.32328.378
MinimumVisualStudioVersion = 10.0.40219.1
Project("{8BC9CEB8-8B4A-11D0-8D11-00A0C91BC942}") = "24479_DFS1", "24479_DFS1\24479_DFS1.vcxproj", "{44174F09-4AA5-4C98-817B-82FA44A9E070}"
EndProject
Global
	GlobalSection(SolutionConfigurationPlatforms) = preSolution
		Debug|x64 = Debug|x64
		Debug|x86 = Debug|x86
		Release|x64 = Release|x64
		Release|x86 = Release|x86
	EndGlobalSection
	GlobalSection(ProjectConfigurationPlatforms) = postSolution
		{44174F09-4AA5-4C98-817B-82FA44A9E070}.Debug|x64.ActiveCfg = Debug|x64
		{44174F09-4AA5-4C98-817B-82FA44A9E070}.Debug|x64.Build.0 = Debug|x64
		{44174F09-4AA5-4C98-817B-82FA44A9E070}.Debug|x86.ActiveCfg = Debug|Win32
		{44174F09-4AA5-4C98-817B-82FA44A9E070}.Debug|x86.Build.0 = Debug|Win32
		{44174F09-4AA5-4C98-817B-82FA44A9E070}.Release|x64.ActiveCfg = Release|x64
		{44174F09-4AA5-4C98-817B-82FA44A9E070}.Release|x64.Build.0 = Release|x64
		{44174F09-4AA5-4C98-817B-82FA44A9E070}.Release|x86.ActiveCfg = Release|Win32
		{44174F09-4AA5-4C98-817B-82FA44A9E070}.Release|x86.Build.0 = Release|Win32
	EndGlobalSection
	GlobalSection(SolutionProperties) = preSolution
		HideSolutionNode = FALSE
	EndGlobalSection
	GlobalSection(ExtensibilityGlobals) = postSolution
		SolutionGuid = {EF4B0F20-436F-4AAE-869E-1487D345A80F}
	EndGlobalSection
EndGlobal
