
Microsoft Visual Studio Solution File, Format Version 12.00
# Visual Studio Version 17
VisualStudioVersion = 17.1.32328.378
MinimumVisualStudioVersion = 10.0.40219.1
Project("{8BC9CEB8-8B4A-11D0-8D11-00A0C91BC942}") = "17114_HyperTomato", "17114_HyperTomato\17114_HyperTomato.vcxproj", "{5CA97017-3B8E-47E5-A7A4-528D58C474AD}"
EndProject
Global
	GlobalSection(SolutionConfigurationPlatforms) = preSolution
		Debug|x64 = Debug|x64
		Debug|x86 = Debug|x86
		Release|x64 = Release|x64
		Release|x86 = Release|x86
	EndGlobalSection
	GlobalSection(ProjectConfigurationPlatforms) = postSolution
		{5CA97017-3B8E-47E5-A7A4-528D58C474AD}.Debug|x64.ActiveCfg = Debug|x64
		{5CA97017-3B8E-47E5-A7A4-528D58C474AD}.Debug|x64.Build.0 = Debug|x64
		{5CA97017-3B8E-47E5-A7A4-528D58C474AD}.Debug|x86.ActiveCfg = Debug|Win32
		{5CA97017-3B8E-47E5-A7A4-528D58C474AD}.Debug|x86.Build.0 = Debug|Win32
		{5CA97017-3B8E-47E5-A7A4-528D58C474AD}.Release|x64.ActiveCfg = Release|x64
		{5CA97017-3B8E-47E5-A7A4-528D58C474AD}.Release|x64.Build.0 = Release|x64
		{5CA97017-3B8E-47E5-A7A4-528D58C474AD}.Release|x86.ActiveCfg = Release|Win32
		{5CA97017-3B8E-47E5-A7A4-528D58C474AD}.Release|x86.Build.0 = Release|Win32
	EndGlobalSection
	GlobalSection(SolutionProperties) = preSolution
		HideSolutionNode = FALSE
	EndGlobalSection
	GlobalSection(ExtensibilityGlobals) = postSolution
		SolutionGuid = {F864C85D-42A7-48B1-B3FF-3615A8D4E824}
	EndGlobalSection
EndGlobal
