
Microsoft Visual Studio Solution File, Format Version 12.00
# Visual Studio Version 17
VisualStudioVersion = 17.3.32804.467
MinimumVisualStudioVersion = 10.0.40219.1
Project("{8BC9CEB8-8B4A-11D0-8D11-00A0C91BC942}") = "11726_2xNTiling", "11726_2xNTiling\11726_2xNTiling.vcxproj", "{A0F890ED-2F09-450D-9AA6-81F64C1822B1}"
EndProject
Global
	GlobalSection(SolutionConfigurationPlatforms) = preSolution
		Debug|x64 = Debug|x64
		Debug|x86 = Debug|x86
		Release|x64 = Release|x64
		Release|x86 = Release|x86
	EndGlobalSection
	GlobalSection(ProjectConfigurationPlatforms) = postSolution
		{A0F890ED-2F09-450D-9AA6-81F64C1822B1}.Debug|x64.ActiveCfg = Debug|x64
		{A0F890ED-2F09-450D-9AA6-81F64C1822B1}.Debug|x64.Build.0 = Debug|x64
		{A0F890ED-2F09-450D-9AA6-81F64C1822B1}.Debug|x86.ActiveCfg = Debug|Win32
		{A0F890ED-2F09-450D-9AA6-81F64C1822B1}.Debug|x86.Build.0 = Debug|Win32
		{A0F890ED-2F09-450D-9AA6-81F64C1822B1}.Release|x64.ActiveCfg = Release|x64
		{A0F890ED-2F09-450D-9AA6-81F64C1822B1}.Release|x64.Build.0 = Release|x64
		{A0F890ED-2F09-450D-9AA6-81F64C1822B1}.Release|x86.ActiveCfg = Release|Win32
		{A0F890ED-2F09-450D-9AA6-81F64C1822B1}.Release|x86.Build.0 = Release|Win32
	EndGlobalSection
	GlobalSection(SolutionProperties) = preSolution
		HideSolutionNode = FALSE
	EndGlobalSection
	GlobalSection(ExtensibilityGlobals) = postSolution
		SolutionGuid = {CB2CBEE5-80BC-4DA8-AEA5-9DFD7313FE93}
	EndGlobalSection
EndGlobal
