
Microsoft Visual Studio Solution File, Format Version 12.00
# Visual Studio Version 17
VisualStudioVersion = 17.1.32328.378
MinimumVisualStudioVersion = 10.0.40219.1
Project("{8BC9CEB8-8B4A-11D0-8D11-00A0C91BC942}") = "1075_Divide", "1075_Divide\1075_Divide.vcxproj", "{9AC9DCBA-0F80-45C5-BC52-D5DD7F8CCEF0}"
EndProject
Global
	GlobalSection(SolutionConfigurationPlatforms) = preSolution
		Debug|x64 = Debug|x64
		Debug|x86 = Debug|x86
		Release|x64 = Release|x64
		Release|x86 = Release|x86
	EndGlobalSection
	GlobalSection(ProjectConfigurationPlatforms) = postSolution
		{9AC9DCBA-0F80-45C5-BC52-D5DD7F8CCEF0}.Debug|x64.ActiveCfg = Debug|x64
		{9AC9DCBA-0F80-45C5-BC52-D5DD7F8CCEF0}.Debug|x64.Build.0 = Debug|x64
		{9AC9DCBA-0F80-45C5-BC52-D5DD7F8CCEF0}.Debug|x86.ActiveCfg = Debug|Win32
		{9AC9DCBA-0F80-45C5-BC52-D5DD7F8CCEF0}.Debug|x86.Build.0 = Debug|Win32
		{9AC9DCBA-0F80-45C5-BC52-D5DD7F8CCEF0}.Release|x64.ActiveCfg = Release|x64
		{9AC9DCBA-0F80-45C5-BC52-D5DD7F8CCEF0}.Release|x64.Build.0 = Release|x64
		{9AC9DCBA-0F80-45C5-BC52-D5DD7F8CCEF0}.Release|x86.ActiveCfg = Release|Win32
		{9AC9DCBA-0F80-45C5-BC52-D5DD7F8CCEF0}.Release|x86.Build.0 = Release|Win32
	EndGlobalSection
	GlobalSection(SolutionProperties) = preSolution
		HideSolutionNode = FALSE
	EndGlobalSection
	GlobalSection(ExtensibilityGlobals) = postSolution
		SolutionGuid = {881F7BE0-60FA-4B2C-BB74-A87F08EDEEBD}
	EndGlobalSection
EndGlobal
