
Microsoft Visual Studio Solution File, Format Version 12.00
# Visual Studio Version 17
VisualStudioVersion = 17.1.32328.378
MinimumVisualStudioVersion = 10.0.40219.1
Project("{8BC9CEB8-8B4A-11D0-8D11-00A0C91BC942}") = "1697_HideAndSeek", "1697_HideAndSeek\1697_HideAndSeek.vcxproj", "{56985FFE-6D57-4125-968E-A59AAA2A7448}"
EndProject
Global
	GlobalSection(SolutionConfigurationPlatforms) = preSolution
		Debug|x64 = Debug|x64
		Debug|x86 = Debug|x86
		Release|x64 = Release|x64
		Release|x86 = Release|x86
	EndGlobalSection
	GlobalSection(ProjectConfigurationPlatforms) = postSolution
		{56985FFE-6D57-4125-968E-A59AAA2A7448}.Debug|x64.ActiveCfg = Debug|x64
		{56985FFE-6D57-4125-968E-A59AAA2A7448}.Debug|x64.Build.0 = Debug|x64
		{56985FFE-6D57-4125-968E-A59AAA2A7448}.Debug|x86.ActiveCfg = Debug|Win32
		{56985FFE-6D57-4125-968E-A59AAA2A7448}.Debug|x86.Build.0 = Debug|Win32
		{56985FFE-6D57-4125-968E-A59AAA2A7448}.Release|x64.ActiveCfg = Release|x64
		{56985FFE-6D57-4125-968E-A59AAA2A7448}.Release|x64.Build.0 = Release|x64
		{56985FFE-6D57-4125-968E-A59AAA2A7448}.Release|x86.ActiveCfg = Release|Win32
		{56985FFE-6D57-4125-968E-A59AAA2A7448}.Release|x86.Build.0 = Release|Win32
	EndGlobalSection
	GlobalSection(SolutionProperties) = preSolution
		HideSolutionNode = FALSE
	EndGlobalSection
	GlobalSection(ExtensibilityGlobals) = postSolution
		SolutionGuid = {B0772D39-95F7-42FB-8C0B-1E2AC74B9B9C}
	EndGlobalSection
EndGlobal
