
Microsoft Visual Studio Solution File, Format Version 12.00
# Visual Studio Version 17
VisualStudioVersion = 17.3.32804.467
MinimumVisualStudioVersion = 10.0.40219.1
Project("{8BC9CEB8-8B4A-11D0-8D11-00A0C91BC942}") = "11286_AbsHeap", "11286_AbsHeap\11286_AbsHeap.vcxproj", "{775F50AA-CE16-4A8B-9C6D-8DAAE1F6FEEA}"
EndProject
Global
	GlobalSection(SolutionConfigurationPlatforms) = preSolution
		Debug|x64 = Debug|x64
		Debug|x86 = Debug|x86
		Release|x64 = Release|x64
		Release|x86 = Release|x86
	EndGlobalSection
	GlobalSection(ProjectConfigurationPlatforms) = postSolution
		{775F50AA-CE16-4A8B-9C6D-8DAAE1F6FEEA}.Debug|x64.ActiveCfg = Debug|x64
		{775F50AA-CE16-4A8B-9C6D-8DAAE1F6FEEA}.Debug|x64.Build.0 = Debug|x64
		{775F50AA-CE16-4A8B-9C6D-8DAAE1F6FEEA}.Debug|x86.ActiveCfg = Debug|Win32
		{775F50AA-CE16-4A8B-9C6D-8DAAE1F6FEEA}.Debug|x86.Build.0 = Debug|Win32
		{775F50AA-CE16-4A8B-9C6D-8DAAE1F6FEEA}.Release|x64.ActiveCfg = Release|x64
		{775F50AA-CE16-4A8B-9C6D-8DAAE1F6FEEA}.Release|x64.Build.0 = Release|x64
		{775F50AA-CE16-4A8B-9C6D-8DAAE1F6FEEA}.Release|x86.ActiveCfg = Release|Win32
		{775F50AA-CE16-4A8B-9C6D-8DAAE1F6FEEA}.Release|x86.Build.0 = Release|Win32
	EndGlobalSection
	GlobalSection(SolutionProperties) = preSolution
		HideSolutionNode = FALSE
	EndGlobalSection
	GlobalSection(ExtensibilityGlobals) = postSolution
		SolutionGuid = {C835B6B5-23F5-48B8-B51C-B97F5A0EFE2C}
	EndGlobalSection
EndGlobal
